
Microsoft Visual Studio Solution File, Format Version 12.00
# Visual Studio Version 16
VisualStudioVersion = 16.0.29519.87
MinimumVisualStudioVersion = 10.0.40219.1
Project("{FAE04EC0-301F-11D3-BF4B-00C04F79EFBC}") = "WindowsFormsApp5", "WindowsFormsApp5\WindowsFormsApp5.csproj", "{FFBCFC70-48BD-4A4D-A540-753EAA0A25BA}"
EndProject
Global
	GlobalSection(SolutionConfigurationPlatforms) = preSolution
		Debug|Any CPU = Debug|Any CPU
		Release|Any CPU = Release|Any CPU
	EndGlobalSection
	GlobalSection(ProjectConfigurationPlatforms) = postSolution
		{FFBCFC70-48BD-4A4D-A540-753EAA0A25BA}.Debug|Any CPU.ActiveCfg = Debug|Any CPU
		{FFBCFC70-48BD-4A4D-A540-753EAA0A25BA}.Debug|Any CPU.Build.0 = Debug|Any CPU
		{FFBCFC70-48BD-4A4D-A540-753EAA0A25BA}.Release|Any CPU.ActiveCfg = Release|Any CPU
		{FFBCFC70-48BD-4A4D-A540-753EAA0A25BA}.Release|Any CPU.Build.0 = Release|Any CPU
	EndGlobalSection
	GlobalSection(SolutionProperties) = preSolution
		HideSolutionNode = FALSE
	EndGlobalSection
	GlobalSection(ExtensibilityGlobals) = postSolution
		SolutionGuid = {276AC647-943E-45E6-AF2F-935A7D445710}
	EndGlobalSection
EndGlobal
