
Microsoft Visual Studio Solution File, Format Version 12.00
# Visual Studio Version 16
VisualStudioVersion = 16.0.29519.181
MinimumVisualStudioVersion = 10.0.40219.1
Project("{FAE04EC0-301F-11D3-BF4B-00C04F79EFBC}") = "WindowsFormsApp8", "WindowsFormsApp8\WindowsFormsApp8.csproj", "{C99C0A36-A73C-4BFB-AB5A-2EE4F206C01D}"
EndProject
Global
	GlobalSection(SolutionConfigurationPlatforms) = preSolution
		Debug|Any CPU = Debug|Any CPU
		Release|Any CPU = Release|Any CPU
	EndGlobalSection
	GlobalSection(ProjectConfigurationPlatforms) = postSolution
		{C99C0A36-A73C-4BFB-AB5A-2EE4F206C01D}.Debug|Any CPU.ActiveCfg = Debug|Any CPU
		{C99C0A36-A73C-4BFB-AB5A-2EE4F206C01D}.Debug|Any CPU.Build.0 = Debug|Any CPU
		{C99C0A36-A73C-4BFB-AB5A-2EE4F206C01D}.Release|Any CPU.ActiveCfg = Release|Any CPU
		{C99C0A36-A73C-4BFB-AB5A-2EE4F206C01D}.Release|Any CPU.Build.0 = Release|Any CPU
	EndGlobalSection
	GlobalSection(SolutionProperties) = preSolution
		HideSolutionNode = FALSE
	EndGlobalSection
	GlobalSection(ExtensibilityGlobals) = postSolution
		SolutionGuid = {ECA50C3C-86A6-429F-9AF1-FFE0C0762C07}
	EndGlobalSection
EndGlobal
