
Microsoft Visual Studio Solution File, Format Version 12.00
# Visual Studio Version 16
VisualStudioVersion = 16.0.29519.87
MinimumVisualStudioVersion = 10.0.40219.1
Project("{FAE04EC0-301F-11D3-BF4B-00C04F79EFBC}") = "WindowsFormsApp4", "WindowsFormsApp4\WindowsFormsApp4.csproj", "{FA228F79-787E-4E06-81FB-9E83802B023D}"
EndProject
Global
	GlobalSection(SolutionConfigurationPlatforms) = preSolution
		Debug|Any CPU = Debug|Any CPU
		Release|Any CPU = Release|Any CPU
	EndGlobalSection
	GlobalSection(ProjectConfigurationPlatforms) = postSolution
		{FA228F79-787E-4E06-81FB-9E83802B023D}.Debug|Any CPU.ActiveCfg = Debug|Any CPU
		{FA228F79-787E-4E06-81FB-9E83802B023D}.Debug|Any CPU.Build.0 = Debug|Any CPU
		{FA228F79-787E-4E06-81FB-9E83802B023D}.Release|Any CPU.ActiveCfg = Release|Any CPU
		{FA228F79-787E-4E06-81FB-9E83802B023D}.Release|Any CPU.Build.0 = Release|Any CPU
	EndGlobalSection
	GlobalSection(SolutionProperties) = preSolution
		HideSolutionNode = FALSE
	EndGlobalSection
	GlobalSection(ExtensibilityGlobals) = postSolution
		SolutionGuid = {7F4ED20C-5C5E-4936-A578-9DB23C0453B3}
	EndGlobalSection
EndGlobal
